// !$*UTF8*$!
{
	archiveVersion = 1;
	classes = {
	};
	objectVersion = 55;
	objects = {

/* Begin PBXBuildFile section */
		913B2282282EA29C004A031B /* AddStudentViewController.swift in Sources */ = {isa = PBXBuildFile; fileRef = 913B2281282EA29C004A031B /* AddStudentViewController.swift */; };
		913B2284282EA935004A031B /* Model.swift in Sources */ = {isa = PBXBuildFile; fileRef = 913B2283282EA935004A031B /* Model.swift */; };
		9153EE9428303AD500CE47E0 /* StudentsTableViewController.swift in Sources */ = {isa = PBXBuildFile; fileRef = 9153EE9328303AD500CE47E0 /* StudentsTableViewController.swift */; };
		9153EE9828303CC800CE47E0 /* StudentTableViewCell.swift in Sources */ = {isa = PBXBuildFile; fileRef = 9153EE9728303CC800CE47E0 /* StudentTableViewCell.swift */; };
		9153EE9A283046BE00CE47E0 /* StudentDetailsViewController.swift in Sources */ = {isa = PBXBuildFile; fileRef = 9153EE99283046BE00CE47E0 /* StudentDetailsViewController.swift */; };
		91B42724282BCE1E002C6741 /* AppDelegate.swift in Sources */ = {isa = PBXBuildFile; fileRef = 91B42723282BCE1E002C6741 /* AppDelegate.swift */; };
		91B42726282BCE1E002C6741 /* SceneDelegate.swift in Sources */ = {isa = PBXBuildFile; fileRef = 91B42725282BCE1E002C6741 /* SceneDelegate.swift */; };
		91B42728282BCE1E002C6741 /* ViewController.swift in Sources */ = {isa = PBXBuildFile; fileRef = 91B42727282BCE1E002C6741 /* ViewController.swift */; };
		91B4272B282BCE1E002C6741 /* Main.storyboard in Resources */ = {isa = PBXBuildFile; fileRef = 91B42729282BCE1E002C6741 /* Main.storyboard */; };
		91B4272D282BCE23002C6741 /* Assets.xcassets in Resources */ = {isa = PBXBuildFile; fileRef = 91B4272C282BCE23002C6741 /* Assets.xcassets */; };
		91B42730282BCE23002C6741 /* LaunchScreen.storyboard in Resources */ = {isa = PBXBuildFile; fileRef = 91B4272E282BCE23002C6741 /* LaunchScreen.storyboard */; };
		91B4273D282BEFC1002C6741 /* Student.swift in Sources */ = {isa = PBXBuildFile; fileRef = 91B4273C282BEFC1002C6741 /* Student.swift */; };
/* End PBXBuildFile section */

/* Begin PBXFileReference section */
		913B2281282EA29C004A031B /* AddStudentViewController.swift */ = {isa = PBXFileReference; lastKnownFileType = sourcecode.swift; path = AddStudentViewController.swift; sourceTree = "<group>"; };
		913B2283282EA935004A031B /* Model.swift */ = {isa = PBXFileReference; lastKnownFileType = sourcecode.swift; path = Model.swift; sourceTree = "<group>"; };
		9153EE9328303AD500CE47E0 /* StudentsTableViewController.swift */ = {isa = PBXFileReference; lastKnownFileType = sourcecode.swift; path = StudentsTableViewController.swift; sourceTree = "<group>"; };
		9153EE9728303CC800CE47E0 /* StudentTableViewCell.swift */ = {isa = PBXFileReference; lastKnownFileType = sourcecode.swift; path = StudentTableViewCell.swift; sourceTree = "<group>"; };
		9153EE99283046BE00CE47E0 /* StudentDetailsViewController.swift */ = {isa = PBXFileReference; lastKnownFileType = sourcecode.swift; path = StudentDetailsViewController.swift; sourceTree = "<group>"; };
		91B42720282BCE1E002C6741 /* Students App.app */ = {isa = PBXFileReference; explicitFileType = wrapper.application; includeInIndex = 0; path = "Students App.app"; sourceTree = BUILT_PRODUCTS_DIR; };
		91B42723282BCE1E002C6741 /* AppDelegate.swift */ = {isa = PBXFileReference; lastKnownFileType = sourcecode.swift; path = AppDelegate.swift; sourceTree = "<group>"; };
		91B42725282BCE1E002C6741 /* SceneDelegate.swift */ = {isa = PBXFileReference; lastKnownFileType = sourcecode.swift; path = SceneDelegate.swift; sourceTree = "<group>"; };
		91B42727282BCE1E002C6741 /* ViewController.swift */ = {isa = PBXFileReference; lastKnownFileType = sourcecode.swift; path = ViewController.swift; sourceTree = "<group>"; };
		91B4272A282BCE1E002C6741 /* Base */ = {isa = PBXFileReference; lastKnownFileType = file.storyboard; name = Base; path = Base.lproj/Main.storyboard; sourceTree = "<group>"; };
		91B4272C282BCE23002C6741 /* Assets.xcassets */ = {isa = PBXFileReference; lastKnownFileType = folder.assetcatalog; path = Assets.xcassets; sourceTree = "<group>"; };
		91B4272F282BCE23002C6741 /* Base */ = {isa = PBXFileReference; lastKnownFileType = file.storyboard; name = Base; path = Base.lproj/LaunchScreen.storyboard; sourceTree = "<group>"; };
		91B42731282BCE23002C6741 /* Info.plist */ = {isa = PBXFileReference; lastKnownFileType = text.plist.xml; path = Info.plist; sourceTree = "<group>"; };
		91B4273C282BEFC1002C6741 /* Student.swift */ = {isa = PBXFileReference; lastKnownFileType = sourcecode.swift; path = Student.swift; sourceTree = "<group>"; };
/* End PBXFileReference section */

/* Begin PBXFrameworksBuildPhase section */
		91B4271D282BCE1E002C6741 /* Frameworks */ = {
			isa = PBXFrameworksBuildPhase;
			buildActionMask = 2147483647;
			files = (
			);
			runOnlyForDeploymentPostprocessing = 0;
		};
/* End PBXFrameworksBuildPhase section */

/* Begin PBXGroup section */
		91B42717282BCE1E002C6741 = {
			isa = PBXGroup;
			children = (
				91B42722282BCE1E002C6741 /* Students App */,
				91B42721282BCE1E002C6741 /* Products */,
			);
			sourceTree = "<group>";
		};
		91B42721282BCE1E002C6741 /* Products */ = {
			isa = PBXGroup;
			children = (
				91B42720282BCE1E002C6741 /* Students App.app */,
			);
			name = Products;
			sourceTree = "<group>";
		};
		91B42722282BCE1E002C6741 /* Students App */ = {
			isa = PBXGroup;
			children = (
				91B4273B282BEFB0002C6741 /* Model */,
				91B42723282BCE1E002C6741 /* AppDelegate.swift */,
				91B42725282BCE1E002C6741 /* SceneDelegate.swift */,
				91B42727282BCE1E002C6741 /* ViewController.swift */,
				913B2281282EA29C004A031B /* AddStudentViewController.swift */,
				9153EE9328303AD500CE47E0 /* StudentsTableViewController.swift */,
				9153EE9728303CC800CE47E0 /* StudentTableViewCell.swift */,
				9153EE99283046BE00CE47E0 /* StudentDetailsViewController.swift */,
				91B42729282BCE1E002C6741 /* Main.storyboard */,
				91B4272C282BCE23002C6741 /* Assets.xcassets */,
				91B4272E282BCE23002C6741 /* LaunchScreen.storyboard */,
				91B42731282BCE23002C6741 /* Info.plist */,
			);
			path = "Students App";
			sourceTree = "<group>";
		};
		91B4273B282BEFB0002C6741 /* Model */ = {
			isa = PBXGroup;
			children = (
				91B4273C282BEFC1002C6741 /* Student.swift */,
				913B2283282EA935004A031B /* Model.swift */,
			);
			path = Model;
			sourceTree = "<group>";
		};
/* End PBXGroup section */

/* Begin PBXNativeTarget section */
		91B4271F282BCE1E002C6741 /* Students App */ = {
			isa = PBXNativeTarget;
			buildConfigurationList = 91B42734282BCE23002C6741 /* Build configuration list for PBXNativeTarget "Students App" */;
			buildPhases = (
				91B4271C282BCE1E002C6741 /* Sources */,
				91B4271D282BCE1E002C6741 /* Frameworks */,
				91B4271E282BCE1E002C6741 /* Resources */,
			);
			buildRules = (
			);
			dependencies = (
			);
			name = "Students App";
			productName = "Students App";
			productReference = 91B42720282BCE1E002C6741 /* Students App.app */;
			productType = "com.apple.product-type.application";
		};
/* End PBXNativeTarget section */

/* Begin PBXProject section */
		91B42718282BCE1E002C6741 /* Project object */ = {
			isa = PBXProject;
			attributes = {
				BuildIndependentTargetsInParallel = 1;
				LastSwiftUpdateCheck = 1330;
				LastUpgradeCheck = 1330;
				TargetAttributes = {
					91B4271F282BCE1E002C6741 = {
						CreatedOnToolsVersion = 13.3.1;
					};
				};
			};
			buildConfigurationList = 91B4271B282BCE1E002C6741 /* Build configuration list for PBXProject "Students App" */;
			compatibilityVersion = "Xcode 13.0";
			developmentRegion = en;
			hasScannedForEncodings = 0;
			knownRegions = (
				en,
				Base,
			);
			mainGroup = 91B42717282BCE1E002C6741;
			productRefGroup = 91B42721282BCE1E002C6741 /* Products */;
			projectDirPath = "";
			projectRoot = "";
			targets = (
				91B4271F282BCE1E002C6741 /* Students App */,
			);
		};
/* End PBXProject section */

/* Begin PBXResourcesBuildPhase section */
		91B4271E282BCE1E002C6741 /* Resources */ = {
			isa = PBXResourcesBuildPhase;
			buildActionMask = 2147483647;
			files = (
				91B42730282BCE23002C6741 /* LaunchScreen.storyboard in Resources */,
				91B4272D282BCE23002C6741 /* Assets.xcassets in Resources */,
				91B4272B282BCE1E002C6741 /* Main.storyboard in Resources */,
			);
			runOnlyForDeploymentPostprocessing = 0;
		};
/* End PBXResourcesBuildPhase section */

/* Begin PBXSourcesBuildPhase section */
		91B4271C282BCE1E002C6741 /* Sources */ = {
			isa = PBXSourcesBuildPhase;
			buildActionMask = 2147483647;
			files = (
				91B42728282BCE1E002C6741 /* ViewController.swift in Sources */,
				913B2282282EA29C004A031B /* AddStudentViewController.swift in Sources */,
				9153EE9A283046BE00CE47E0 /* StudentDetailsViewController.swift in Sources */,
				91B42724282BCE1E002C6741 /* AppDelegate.swift in Sources */,
				913B2284282EA935004A031B /* Model.swift in Sources */,
				91B4273D282BEFC1002C6741 /* Student.swift in Sources */,
				9153EE9428303AD500CE47E0 /* StudentsTableViewController.swift in Sources */,
				91B42726282BCE1E002C6741 /* SceneDelegate.swift in Sources */,
				9153EE9828303CC800CE47E0 /* StudentTableViewCell.swift in Sources */,
			);
			runOnlyForDeploymentPostprocessing = 0;
		};
/* End PBXSourcesBuildPhase section */

/* Begin PBXVariantGroup section */
		91B42729282BCE1E002C6741 /* Main.storyboard */ = {
			isa = PBXVariantGroup;
			children = (
				91B4272A282BCE1E002C6741 /* Base */,
			);
			name = Main.storyboard;
			sourceTree = "<group>";
		};
		91B4272E282BCE23002C6741 /* LaunchScreen.storyboard */ = {
			isa = PBXVariantGroup;
			children = (
				91B4272F282BCE23002C6741 /* Base */,
			);
			name = LaunchScreen.storyboard;
			sourceTree = "<group>";
		};
/* End PBXVariantGroup section */

/* Begin XCBuildConfiguration section */
		91B42732282BCE23002C6741 /* Debug */ = {
			isa = XCBuildConfiguration;
			buildSettings = {
				ALWAYS_SEARCH_USER_PATHS = NO;
				CLANG_ANALYZER_NONNULL = YES;
				CLANG_ANALYZER_NUMBER_OBJECT_CONVERSION = YES_AGGRESSIVE;
				CLANG_CXX_LANGUAGE_STANDARD = "gnu++17";
				CLANG_ENABLE_MODULES = YES;
				CLANG_ENABLE_OBJC_ARC = YES;
				CLANG_ENABLE_OBJC_WEAK = YES;
				CLANG_WARN_BLOCK_CAPTURE_AUTORELEASING = YES;
				CLANG_WARN_BOOL_CONVERSION = YES;
				CLANG_WARN_COMMA = YES;
				CLANG_WARN_CONSTANT_CONVERSION = YES;
				CLANG_WARN_DEPRECATED_OBJC_IMPLEMENTATIONS = YES;
				CLANG_WARN_DIRECT_OBJC_ISA_USAGE = YES_ERROR;
				CLANG_WARN_DOCUMENTATION_COMMENTS = YES;
				CLANG_WARN_EMPTY_BODY = YES;
				CLANG_WARN_ENUM_CONVERSION = YES;
				CLANG_WARN_INFINITE_RECURSION = YES;
				CLANG_WARN_INT_CONVERSION = YES;
				CLANG_WARN_NON_LITERAL_NULL_CONVERSION = YES;
				CLANG_WARN_OBJC_IMPLICIT_RETAIN_SELF = YES;
				CLANG_WARN_OBJC_LITERAL_CONVERSION = YES;
				CLANG_WARN_OBJC_ROOT_CLASS = YES_ERROR;
				CLANG_WARN_QUOTED_INCLUDE_IN_FRAMEWORK_HEADER = YES;
				CLANG_WARN_RANGE_LOOP_ANALYSIS = YES;
				CLANG_WARN_STRICT_PROTOTYPES = YES;
				CLANG_WARN_SUSPICIOUS_MOVE = YES;
				CLANG_WARN_UNGUARDED_AVAILABILITY = YES_AGGRESSIVE;
				CLANG_WARN_UNREACHABLE_CODE = YES;
				CLANG_WARN__DUPLICATE_METHOD_MATCH = YES;
				COPY_PHASE_STRIP = NO;
				DEBUG_INFORMATION_FORMAT = dwarf;
				ENABLE_STRICT_OBJC_MSGSEND = YES;
				ENABLE_TESTABILITY = YES;
				GCC_C_LANGUAGE_STANDARD = gnu11;
				GCC_DYNAMIC_NO_PIC = NO;
				GCC_NO_COMMON_BLOCKS = YES;
				GCC_OPTIMIZATION_LEVEL = 0;
				GCC_PREPROCESSOR_DEFINITIONS = (
					"DEBUG=1",
					"$(inherited)",
				);
				GCC_WARN_64_TO_32_BIT_CONVERSION = YES;
				GCC_WARN_ABOUT_RETURN_TYPE = YES_ERROR;
				GCC_WARN_UNDECLARED_SELECTOR = YES;
				GCC_WARN_UNINITIALIZED_AUTOS = YES_AGGRESSIVE;
				GCC_WARN_UNUSED_FUNCTION = YES;
				GCC_WARN_UNUSED_VARIABLE = YES;
				IPHONEOS_DEPLOYMENT_TARGET = 15.4;
				MTL_ENABLE_DEBUG_INFO = INCLUDE_SOURCE;
				MTL_FAST_MATH = YES;
				ONLY_ACTIVE_ARCH = YES;
				SDKROOT = iphoneos;
				SWIFT_ACTIVE_COMPILATION_CONDITIONS = DEBUG;
				SWIFT_OPTIMIZATION_LEVEL = "-Onone";
			};
			name = Debug;
		};
		91B42733282BCE23002C6741 /* Release */ = {
			isa = XCBuildConfiguration;
			buildSettings = {
				ALWAYS_SEARCH_USER_PATHS = NO;
				CLANG_ANALYZER_NONNULL = YES;
				CLANG_ANALYZER_NUMBER_OBJECT_CONVERSION = YES_AGGRESSIVE;
				CLANG_CXX_LANGUAGE_STANDARD = "gnu++17";
				CLANG_ENABLE_MODULES = YES;
				CLANG_ENABLE_OBJC_ARC = YES;
				CLANG_ENABLE_OBJC_WEAK = YES;
				CLANG_WARN_BLOCK_CAPTURE_AUTORELEASING = YES;
				CLANG_WARN_BOOL_CONVERSION = YES;
				CLANG_WARN_COMMA = YES;
				CLANG_WARN_CONSTANT_CONVERSION = YES;
				CLANG_WARN_DEPRECATED_OBJC_IMPLEMENTATIONS = YES;
				CLANG_WARN_DIRECT_OBJC_ISA_USAGE = YES_ERROR;
				CLANG_WARN_DOCUMENTATION_COMMENTS = YES;
				CLANG_WARN_EMPTY_BODY = YES;
				CLANG_WARN_ENUM_CONVERSION = YES;
				CLANG_WARN_INFINITE_RECURSION = YES;
				CLANG_WARN_INT_CONVERSION = YES;
				CLANG_WARN_NON_LITERAL_NULL_CONVERSION = YES;
				CLANG_WARN_OBJC_IMPLICIT_RETAIN_SELF = YES;
				CLANG_WARN_OBJC_LITERAL_CONVERSION = YES;
				CLANG_WARN_OBJC_ROOT_CLASS = YES_ERROR;
				CLANG_WARN_QUOTED_INCLUDE_IN_FRAMEWORK_HEADER = YES;
				CLANG_WARN_RANGE_LOOP_ANALYSIS = YES;
				CLANG_WARN_STRICT_PROTOTYPES = YES;
				CLANG_WARN_SUSPICIOUS_MOVE = YES;
				CLANG_WARN_UNGUARDED_AVAILABILITY = YES_AGGRESSIVE;
				CLANG_WARN_UNREACHABLE_CODE = YES;
				CLANG_WARN__DUPLICATE_METHOD_MATCH = YES;
				COPY_PHASE_STRIP = NO;
				DEBUG_INFORMATION_FORMAT = "dwarf-with-dsym";
				ENABLE_NS_ASSERTIONS = NO;
				ENABLE_STRICT_OBJC_MSGSEND = YES;
				GCC_C_LANGUAGE_STANDARD = gnu11;
				GCC_NO_COMMON_BLOCKS = YES;
				GCC_WARN_64_TO_32_BIT_CONVERSION = YES;
				GCC_WARN_ABOUT_RETURN_TYPE = YES_ERROR;
				GCC_WARN_UNDECLARED_SELECTOR = YES;
				GCC_WARN_UNINITIALIZED_AUTOS = YES_AGGRESSIVE;
				GCC_WARN_UNUSED_FUNCTION = YES;
				GCC_WARN_UNUSED_VARIABLE = YES;
				IPHONEOS_DEPLOYMENT_TARGET = 15.4;
				MTL_ENABLE_DEBUG_INFO = NO;
				MTL_FAST_MATH = YES;
				SDKROOT = iphoneos;
				SWIFT_COMPILATION_MODE = wholemodule;
				SWIFT_OPTIMIZATION_LEVEL = "-O";
				VALIDATE_PRODUCT = YES;
			};
			name = Release;
		};
		91B42735282BCE23002C6741 /* Debug */ = {
			isa = XCBuildConfiguration;
			buildSettings = {
				ASSETCATALOG_COMPILER_APPICON_NAME = AppIcon;
				ASSETCATALOG_COMPILER_GLOBAL_ACCENT_COLOR_NAME = AccentColor;
				CODE_SIGN_STYLE = Automatic;
				CURRENT_PROJECT_VERSION = 1;
				GENERATE_INFOPLIST_FILE = YES;
				INFOPLIST_FILE = "Students App/Info.plist";
				INFOPLIST_KEY_UIApplicationSupportsIndirectInputEvents = YES;
				INFOPLIST_KEY_UILaunchStoryboardName = LaunchScreen;
				INFOPLIST_KEY_UIMainStoryboardFile = Main;
				INFOPLIST_KEY_UISupportedInterfaceOrientations_iPad = "UIInterfaceOrientationPortrait UIInterfaceOrientationPortraitUpsideDown UIInterfaceOrientationLandscapeLeft UIInterfaceOrientationLandscapeRight";
				INFOPLIST_KEY_UISupportedInterfaceOrientations_iPhone = "UIInterfaceOrientationPortrait UIInterfaceOrientationLandscapeLeft UIInterfaceOrientationLandscapeRight";
				LD_RUNPATH_SEARCH_PATHS = (
					"$(inherited)",
					"@executable_path/Frameworks",
				);
				MARKETING_VERSION = 1.0;
				PRODUCT_BUNDLE_IDENTIFIER = "com.AdiAmoyal.Students-App";
				PRODUCT_NAME = "$(TARGET_NAME)";
				SWIFT_EMIT_LOC_STRINGS = YES;
				SWIFT_VERSION = 5.0;
				TARGETED_DEVICE_FAMILY = "1,2";
			};
			name = Debug;
		};
		91B42736282BCE23002C6741 /* Release */ = {
			isa = XCBuildConfiguration;
			buildSettings = {
				ASSETCATALOG_COMPILER_APPICON_NAME = AppIcon;
				ASSETCATALOG_COMPILER_GLOBAL_ACCENT_COLOR_NAME = AccentColor;
				CODE_SIGN_STYLE = Automatic;
				CURRENT_PROJECT_VERSION = 1;
				GENERATE_INFOPLIST_FILE = YES;
				INFOPLIST_FILE = "Students App/Info.plist";
				INFOPLIST_KEY_UIApplicationSupportsIndirectInputEvents = YES;
				INFOPLIST_KEY_UILaunchStoryboardName = LaunchScreen;
				INFOPLIST_KEY_UIMainStoryboardFile = Main;
				INFOPLIST_KEY_UISupportedInterfaceOrientations_iPad = "UIInterfaceOrientationPortrait UIInterfaceOrientationPortraitUpsideDown UIInterfaceOrientationLandscapeLeft UIInterfaceOrientationLandscapeRight";
				INFOPLIST_KEY_UISupportedInterfaceOrientations_iPhone = "UIInterfaceOrientationPortrait UIInterfaceOrientationLandscapeLeft UIInterfaceOrientationLandscapeRight";
				LD_RUNPATH_SEARCH_PATHS = (
					"$(inherited)",
					"@executable_path/Frameworks",
				);
				MARKETING_VERSION = 1.0;
				PRODUCT_BUNDLE_IDENTIFIER = "com.AdiAmoyal.Students-App";
				PRODUCT_NAME = "$(TARGET_NAME)";
				SWIFT_EMIT_LOC_STRINGS = YES;
				SWIFT_VERSION = 5.0;
				TARGETED_DEVICE_FAMILY = "1,2";
			};
			name = Release;
		};
/* End XCBuildConfiguration section */

/* Begin XCConfigurationList section */
		91B4271B282BCE1E002C6741 /* Build configuration list for PBXProject "Students App" */ = {
			isa = XCConfigurationList;
			buildConfigurations = (
				91B42732282BCE23002C6741 /* Debug */,
				91B42733282BCE23002C6741 /* Release */,
			);
			defaultConfigurationIsVisible = 0;
			defaultConfigurationName = Release;
		};
		91B42734282BCE23002C6741 /* Build configuration list for PBXNativeTarget "Students App" */ = {
			isa = XCConfigurationList;
			buildConfigurations = (
				91B42735282BCE23002C6741 /* Debug */,
				91B42736282BCE23002C6741 /* Release */,
			);
			defaultConfigurationIsVisible = 0;
			defaultConfigurationName = Release;
		};
/* End XCConfigurationList section */
	};
	rootObject = 91B42718282BCE1E002C6741 /* Project object */;
}
